
Microsoft Visual Studio Solution File, Format Version 12.00
# Visual Studio Version 16
VisualStudioVersion = 16.0.28803.156
MinimumVisualStudioVersion = 10.0.40219.1
Project("{9A19103F-16F7-4668-BE54-9A1E7A4F7556}") = "GCD", "GCD\GCD.csproj", "{8A06A598-3465-4618-9ED8-648BF2D00481}"
EndProject
Project("{FAE04EC0-301F-11D3-BF4B-00C04F79EFBC}") = "LeastCommonMultiple", "LeastCommonMultiple\LeastCommonMultiple.csproj", "{2C4AE88F-14AC-422F-9CD5-28AA05C4C4A5}"
EndProject
Global
	GlobalSection(SolutionConfigurationPlatforms) = preSolution
		Debug|Any CPU = Debug|Any CPU
		Release|Any CPU = Release|Any CPU
	EndGlobalSection
	GlobalSection(ProjectConfigurationPlatforms) = postSolution
		{8A06A598-3465-4618-9ED8-648BF2D00481}.Debug|Any CPU.ActiveCfg = Debug|Any CPU
		{8A06A598-3465-4618-9ED8-648BF2D00481}.Debug|Any CPU.Build.0 = Debug|Any CPU
		{8A06A598-3465-4618-9ED8-648BF2D00481}.Release|Any CPU.ActiveCfg = Release|Any CPU
		{8A06A598-3465-4618-9ED8-648BF2D00481}.Release|Any CPU.Build.0 = Release|Any CPU
		{2C4AE88F-14AC-422F-9CD5-28AA05C4C4A5}.Debug|Any CPU.ActiveCfg = Debug|Any CPU
		{2C4AE88F-14AC-422F-9CD5-28AA05C4C4A5}.Debug|Any CPU.Build.0 = Debug|Any CPU
		{2C4AE88F-14AC-422F-9CD5-28AA05C4C4A5}.Release|Any CPU.ActiveCfg = Release|Any CPU
		{2C4AE88F-14AC-422F-9CD5-28AA05C4C4A5}.Release|Any CPU.Build.0 = Release|Any CPU
	EndGlobalSection
	GlobalSection(SolutionProperties) = preSolution
		HideSolutionNode = FALSE
	EndGlobalSection
	GlobalSection(ExtensibilityGlobals) = postSolution
		SolutionGuid = {61E3452B-A420-4570-8CB6-F6F603CA56BC}
	EndGlobalSection
EndGlobal
